// !$*UTF8*$!
{
	archiveVersion = 1;
	classes = {
	};
	objectVersion = 50;
	objects = {

/* Begin PBXBuildFile section */
		884DA84525B8CBF600B760A9 /* AppDelegate.swift in Sources */ = {isa = PBXBuildFile; fileRef = 884DA84425B8CBF600B760A9 /* AppDelegate.swift */; };
		884DA84725B8CBF600B760A9 /* SceneDelegate.swift in Sources */ = {isa = PBXBuildFile; fileRef = 884DA84625B8CBF600B760A9 /* SceneDelegate.swift */; };
		884DA84925B8CBF600B760A9 /* ViewController.swift in Sources */ = {isa = PBXBuildFile; fileRef = 884DA84825B8CBF600B760A9 /* ViewController.swift */; };
		884DA84C25B8CBF600B760A9 /* Main.storyboard in Resources */ = {isa = PBXBuildFile; fileRef = 884DA84A25B8CBF600B760A9 /* Main.storyboard */; };
		884DA84E25B8CBF700B760A9 /* Assets.xcassets in Resources */ = {isa = PBXBuildFile; fileRef = 884DA84D25B8CBF700B760A9 /* Assets.xcassets */; };
		884DA85125B8CBF700B760A9 /* LaunchScreen.storyboard in Resources */ = {isa = PBXBuildFile; fileRef = 884DA84F25B8CBF700B760A9 /* LaunchScreen.storyboard */; };
		884DA85C25B8CBF700B760A9 /* MediaPlayer_ExperimentTests.swift in Sources */ = {isa = PBXBuildFile; fileRef = 884DA85B25B8CBF700B760A9 /* MediaPlayer_ExperimentTests.swift */; };
		884DA86725B8CBF700B760A9 /* MediaPlayer_ExperimentUITests.swift in Sources */ = {isa = PBXBuildFile; fileRef = 884DA86625B8CBF700B760A9 /* MediaPlayer_ExperimentUITests.swift */; };
		884DA87B25B8CF0600B760A9 /* SongModel.swift in Sources */ = {isa = PBXBuildFile; fileRef = 884DA87A25B8CF0600B760A9 /* SongModel.swift */; };
		888BEA8625B8E8D3000EE8CF /* What's to Come_MASTER.mp3 in Resources */ = {isa = PBXBuildFile; fileRef = 888BEA7A25B8E8D2000EE8CF /* What's to Come_MASTER.mp3 */; };
		888BEA8725B8E8D3000EE8CF /* Letters From the Past_MASTER.mp3 in Resources */ = {isa = PBXBuildFile; fileRef = 888BEA7B25B8E8D2000EE8CF /* Letters From the Past_MASTER.mp3 */; };
		888BEA8825B8E8D3000EE8CF /* Windfall_MASTER.mp3 in Resources */ = {isa = PBXBuildFile; fileRef = 888BEA7C25B8E8D2000EE8CF /* Windfall_MASTER.mp3 */; };
		888BEA8925B8E8D3000EE8CF /* Panic_MASTER.mp3 in Resources */ = {isa = PBXBuildFile; fileRef = 888BEA7D25B8E8D2000EE8CF /* Panic_MASTER.mp3 */; };
		888BEA8A25B8E8D3000EE8CF /* Burden of the Crown_MASTER.mp3 in Resources */ = {isa = PBXBuildFile; fileRef = 888BEA7E25B8E8D2000EE8CF /* Burden of the Crown_MASTER.mp3 */; };
		888BEA8B25B8E8D3000EE8CF /* So Close to Nothing_MASTER.mp3 in Resources */ = {isa = PBXBuildFile; fileRef = 888BEA7F25B8E8D3000EE8CF /* So Close to Nothing_MASTER.mp3 */; };
		888BEA8C25B8E8D3000EE8CF /* Zero_MASTER.mp3 in Resources */ = {isa = PBXBuildFile; fileRef = 888BEA8025B8E8D3000EE8CF /* Zero_MASTER.mp3 */; };
		888BEA8D25B8E8D3000EE8CF /* Therefore I Am_MASTER.mp3 in Resources */ = {isa = PBXBuildFile; fileRef = 888BEA8125B8E8D3000EE8CF /* Therefore I Am_MASTER.mp3 */; };
		888BEA8E25B8E8D3000EE8CF /* The Key_MASTER.mp3 in Resources */ = {isa = PBXBuildFile; fileRef = 888BEA8225B8E8D3000EE8CF /* The Key_MASTER.mp3 */; };
		888BEA8F25B8E8D3000EE8CF /* Settling_MASTER.mp3 in Resources */ = {isa = PBXBuildFile; fileRef = 888BEA8325B8E8D3000EE8CF /* Settling_MASTER.mp3 */; };
		888BEA9025B8E8D3000EE8CF /* Beat City_MASTER.mp3 in Resources */ = {isa = PBXBuildFile; fileRef = 888BEA8425B8E8D3000EE8CF /* Beat City_MASTER.mp3 */; };
		888BEA9125B8E8D3000EE8CF /* Sleazy_MASTER.mp3 in Resources */ = {isa = PBXBuildFile; fileRef = 888BEA8525B8E8D3000EE8CF /* Sleazy_MASTER.mp3 */; };
/* End PBXBuildFile section */

/* Begin PBXContainerItemProxy section */
		884DA85825B8CBF700B760A9 /* PBXContainerItemProxy */ = {
			isa = PBXContainerItemProxy;
			containerPortal = 884DA83925B8CBF600B760A9 /* Project object */;
			proxyType = 1;
			remoteGlobalIDString = 884DA84025B8CBF600B760A9;
			remoteInfo = MediaPlayer_Experiment;
		};
		884DA86325B8CBF700B760A9 /* PBXContainerItemProxy */ = {
			isa = PBXContainerItemProxy;
			containerPortal = 884DA83925B8CBF600B760A9 /* Project object */;
			proxyType = 1;
			remoteGlobalIDString = 884DA84025B8CBF600B760A9;
			remoteInfo = MediaPlayer_Experiment;
		};
/* End PBXContainerItemProxy section */

/* Begin PBXFileReference section */
		884DA84125B8CBF600B760A9 /* MediaPlayer_Experiment.app */ = {isa = PBXFileReference; explicitFileType = wrapper.application; includeInIndex = 0; path = MediaPlayer_Experiment.app; sourceTree = BUILT_PRODUCTS_DIR; };
		884DA84425B8CBF600B760A9 /* AppDelegate.swift */ = {isa = PBXFileReference; lastKnownFileType = sourcecode.swift; path = AppDelegate.swift; sourceTree = "<group>"; };
		884DA84625B8CBF600B760A9 /* SceneDelegate.swift */ = {isa = PBXFileReference; lastKnownFileType = sourcecode.swift; path = SceneDelegate.swift; sourceTree = "<group>"; };
		884DA84825B8CBF600B760A9 /* ViewController.swift */ = {isa = PBXFileReference; lastKnownFileType = sourcecode.swift; path = ViewController.swift; sourceTree = "<group>"; };
		884DA84B25B8CBF600B760A9 /* Base */ = {isa = PBXFileReference; lastKnownFileType = file.storyboard; name = Base; path = Base.lproj/Main.storyboard; sourceTree = "<group>"; };
		884DA84D25B8CBF700B760A9 /* Assets.xcassets */ = {isa = PBXFileReference; lastKnownFileType = folder.assetcatalog; path = Assets.xcassets; sourceTree = "<group>"; };
		884DA85025B8CBF700B760A9 /* Base */ = {isa = PBXFileReference; lastKnownFileType = file.storyboard; name = Base; path = Base.lproj/LaunchScreen.storyboard; sourceTree = "<group>"; };
		884DA85225B8CBF700B760A9 /* Info.plist */ = {isa = PBXFileReference; lastKnownFileType = text.plist.xml; path = Info.plist; sourceTree = "<group>"; };
		884DA85725B8CBF700B760A9 /* MediaPlayer_ExperimentTests.xctest */ = {isa = PBXFileReference; explicitFileType = wrapper.cfbundle; includeInIndex = 0; path = MediaPlayer_ExperimentTests.xctest; sourceTree = BUILT_PRODUCTS_DIR; };
		884DA85B25B8CBF700B760A9 /* MediaPlayer_ExperimentTests.swift */ = {isa = PBXFileReference; lastKnownFileType = sourcecode.swift; path = MediaPlayer_ExperimentTests.swift; sourceTree = "<group>"; };
		884DA85D25B8CBF700B760A9 /* Info.plist */ = {isa = PBXFileReference; lastKnownFileType = text.plist.xml; path = Info.plist; sourceTree = "<group>"; };
		884DA86225B8CBF700B760A9 /* MediaPlayer_ExperimentUITests.xctest */ = {isa = PBXFileReference; explicitFileType = wrapper.cfbundle; includeInIndex = 0; path = MediaPlayer_ExperimentUITests.xctest; sourceTree = BUILT_PRODUCTS_DIR; };
		884DA86625B8CBF700B760A9 /* MediaPlayer_ExperimentUITests.swift */ = {isa = PBXFileReference; lastKnownFileType = sourcecode.swift; path = MediaPlayer_ExperimentUITests.swift; sourceTree = "<group>"; };
		884DA86825B8CBF700B760A9 /* Info.plist */ = {isa = PBXFileReference; lastKnownFileType = text.plist.xml; path = Info.plist; sourceTree = "<group>"; };
		884DA87A25B8CF0600B760A9 /* SongModel.swift */ = {isa = PBXFileReference; lastKnownFileType = sourcecode.swift; path = SongModel.swift; sourceTree = "<group>"; };
		888BEA7A25B8E8D2000EE8CF /* What's to Come_MASTER.mp3 */ = {isa = PBXFileReference; lastKnownFileType = audio.mp3; path = "What's to Come_MASTER.mp3"; sourceTree = SOURCE_ROOT; };
		888BEA7B25B8E8D2000EE8CF /* Letters From the Past_MASTER.mp3 */ = {isa = PBXFileReference; lastKnownFileType = audio.mp3; path = "Letters From the Past_MASTER.mp3"; sourceTree = SOURCE_ROOT; };
		888BEA7C25B8E8D2000EE8CF /* Windfall_MASTER.mp3 */ = {isa = PBXFileReference; lastKnownFileType = audio.mp3; path = Windfall_MASTER.mp3; sourceTree = SOURCE_ROOT; };
		888BEA7D25B8E8D2000EE8CF /* Panic_MASTER.mp3 */ = {isa = PBXFileReference; lastKnownFileType = audio.mp3; path = Panic_MASTER.mp3; sourceTree = SOURCE_ROOT; };
		888BEA7E25B8E8D2000EE8CF /* Burden of the Crown_MASTER.mp3 */ = {isa = PBXFileReference; lastKnownFileType = audio.mp3; path = "Burden of the Crown_MASTER.mp3"; sourceTree = SOURCE_ROOT; };
		888BEA7F25B8E8D3000EE8CF /* So Close to Nothing_MASTER.mp3 */ = {isa = PBXFileReference; lastKnownFileType = audio.mp3; path = "So Close to Nothing_MASTER.mp3"; sourceTree = SOURCE_ROOT; };
		888BEA8025B8E8D3000EE8CF /* Zero_MASTER.mp3 */ = {isa = PBXFileReference; lastKnownFileType = audio.mp3; path = Zero_MASTER.mp3; sourceTree = SOURCE_ROOT; };
		888BEA8125B8E8D3000EE8CF /* Therefore I Am_MASTER.mp3 */ = {isa = PBXFileReference; lastKnownFileType = audio.mp3; path = "Therefore I Am_MASTER.mp3"; sourceTree = SOURCE_ROOT; };
		888BEA8225B8E8D3000EE8CF /* The Key_MASTER.mp3 */ = {isa = PBXFileReference; lastKnownFileType = audio.mp3; path = "The Key_MASTER.mp3"; sourceTree = SOURCE_ROOT; };
		888BEA8325B8E8D3000EE8CF /* Settling_MASTER.mp3 */ = {isa = PBXFileReference; lastKnownFileType = audio.mp3; path = Settling_MASTER.mp3; sourceTree = SOURCE_ROOT; };
		888BEA8425B8E8D3000EE8CF /* Beat City_MASTER.mp3 */ = {isa = PBXFileReference; lastKnownFileType = audio.mp3; path = "Beat City_MASTER.mp3"; sourceTree = SOURCE_ROOT; };
		888BEA8525B8E8D3000EE8CF /* Sleazy_MASTER.mp3 */ = {isa = PBXFileReference; lastKnownFileType = audio.mp3; path = Sleazy_MASTER.mp3; sourceTree = SOURCE_ROOT; };
/* End PBXFileReference section */

/* Begin PBXFrameworksBuildPhase section */
		884DA83E25B8CBF600B760A9 /* Frameworks */ = {
			isa = PBXFrameworksBuildPhase;
			buildActionMask = 2147483647;
			files = (
			);
			runOnlyForDeploymentPostprocessing = 0;
		};
		884DA85425B8CBF700B760A9 /* Frameworks */ = {
			isa = PBXFrameworksBuildPhase;
			buildActionMask = 2147483647;
			files = (
			);
			runOnlyForDeploymentPostprocessing = 0;
		};
		884DA85F25B8CBF700B760A9 /* Frameworks */ = {
			isa = PBXFrameworksBuildPhase;
			buildActionMask = 2147483647;
			files = (
			);
			runOnlyForDeploymentPostprocessing = 0;
		};
/* End PBXFrameworksBuildPhase section */

/* Begin PBXGroup section */
		884DA83825B8CBF600B760A9 = {
			isa = PBXGroup;
			children = (
				884DA84325B8CBF600B760A9 /* MediaPlayer_Experiment */,
				884DA85A25B8CBF700B760A9 /* MediaPlayer_ExperimentTests */,
				884DA86525B8CBF700B760A9 /* MediaPlayer_ExperimentUITests */,
				884DA84225B8CBF600B760A9 /* Products */,
			);
			sourceTree = "<group>";
		};
		884DA84225B8CBF600B760A9 /* Products */ = {
			isa = PBXGroup;
			children = (
				884DA84125B8CBF600B760A9 /* MediaPlayer_Experiment.app */,
				884DA85725B8CBF700B760A9 /* MediaPlayer_ExperimentTests.xctest */,
				884DA86225B8CBF700B760A9 /* MediaPlayer_ExperimentUITests.xctest */,
			);
			name = Products;
			sourceTree = "<group>";
		};
		884DA84325B8CBF600B760A9 /* MediaPlayer_Experiment */ = {
			isa = PBXGroup;
			children = (
				888BEA6225B8E1C0000EE8CF /* Tracks */,
				884DA84425B8CBF600B760A9 /* AppDelegate.swift */,
				884DA84625B8CBF600B760A9 /* SceneDelegate.swift */,
				884DA84825B8CBF600B760A9 /* ViewController.swift */,
				884DA84A25B8CBF600B760A9 /* Main.storyboard */,
				884DA84D25B8CBF700B760A9 /* Assets.xcassets */,
				884DA87A25B8CF0600B760A9 /* SongModel.swift */,
				884DA84F25B8CBF700B760A9 /* LaunchScreen.storyboard */,
				884DA85225B8CBF700B760A9 /* Info.plist */,
			);
			path = MediaPlayer_Experiment;
			sourceTree = "<group>";
		};
		884DA85A25B8CBF700B760A9 /* MediaPlayer_ExperimentTests */ = {
			isa = PBXGroup;
			children = (
				884DA85B25B8CBF700B760A9 /* MediaPlayer_ExperimentTests.swift */,
				884DA85D25B8CBF700B760A9 /* Info.plist */,
			);
			path = MediaPlayer_ExperimentTests;
			sourceTree = "<group>";
		};
		884DA86525B8CBF700B760A9 /* MediaPlayer_ExperimentUITests */ = {
			isa = PBXGroup;
			children = (
				884DA86625B8CBF700B760A9 /* MediaPlayer_ExperimentUITests.swift */,
				884DA86825B8CBF700B760A9 /* Info.plist */,
			);
			path = MediaPlayer_ExperimentUITests;
			sourceTree = "<group>";
		};
		888BEA6225B8E1C0000EE8CF /* Tracks */ = {
			isa = PBXGroup;
			children = (
				888BEA8425B8E8D3000EE8CF /* Beat City_MASTER.mp3 */,
				888BEA7E25B8E8D2000EE8CF /* Burden of the Crown_MASTER.mp3 */,
				888BEA7B25B8E8D2000EE8CF /* Letters From the Past_MASTER.mp3 */,
				888BEA7D25B8E8D2000EE8CF /* Panic_MASTER.mp3 */,
				888BEA8325B8E8D3000EE8CF /* Settling_MASTER.mp3 */,
				888BEA8525B8E8D3000EE8CF /* Sleazy_MASTER.mp3 */,
				888BEA7F25B8E8D3000EE8CF /* So Close to Nothing_MASTER.mp3 */,
				888BEA8225B8E8D3000EE8CF /* The Key_MASTER.mp3 */,
				888BEA8125B8E8D3000EE8CF /* Therefore I Am_MASTER.mp3 */,
				888BEA7A25B8E8D2000EE8CF /* What's to Come_MASTER.mp3 */,
				888BEA7C25B8E8D2000EE8CF /* Windfall_MASTER.mp3 */,
				888BEA8025B8E8D3000EE8CF /* Zero_MASTER.mp3 */,
			);
			path = Tracks;
			sourceTree = "<group>";
		};
/* End PBXGroup section */

/* Begin PBXNativeTarget section */
		884DA84025B8CBF600B760A9 /* MediaPlayer_Experiment */ = {
			isa = PBXNativeTarget;
			buildConfigurationList = 884DA86B25B8CBF700B760A9 /* Build configuration list for PBXNativeTarget "MediaPlayer_Experiment" */;
			buildPhases = (
				884DA83D25B8CBF600B760A9 /* Sources */,
				884DA83E25B8CBF600B760A9 /* Frameworks */,
				884DA83F25B8CBF600B760A9 /* Resources */,
			);
			buildRules = (
			);
			dependencies = (
			);
			name = MediaPlayer_Experiment;
			productName = MediaPlayer_Experiment;
			productReference = 884DA84125B8CBF600B760A9 /* MediaPlayer_Experiment.app */;
			productType = "com.apple.product-type.application";
		};
		884DA85625B8CBF700B760A9 /* MediaPlayer_ExperimentTests */ = {
			isa = PBXNativeTarget;
			buildConfigurationList = 884DA86E25B8CBF700B760A9 /* Build configuration list for PBXNativeTarget "MediaPlayer_ExperimentTests" */;
			buildPhases = (
				884DA85325B8CBF700B760A9 /* Sources */,
				884DA85425B8CBF700B760A9 /* Frameworks */,
				884DA85525B8CBF700B760A9 /* Resources */,
			);
			buildRules = (
			);
			dependencies = (
				884DA85925B8CBF700B760A9 /* PBXTargetDependency */,
			);
			name = MediaPlayer_ExperimentTests;
			productName = MediaPlayer_ExperimentTests;
			productReference = 884DA85725B8CBF700B760A9 /* MediaPlayer_ExperimentTests.xctest */;
			productType = "com.apple.product-type.bundle.unit-test";
		};
		884DA86125B8CBF700B760A9 /* MediaPlayer_ExperimentUITests */ = {
			isa = PBXNativeTarget;
			buildConfigurationList = 884DA87125B8CBF700B760A9 /* Build configuration list for PBXNativeTarget "MediaPlayer_ExperimentUITests" */;
			buildPhases = (
				884DA85E25B8CBF700B760A9 /* Sources */,
				884DA85F25B8CBF700B760A9 /* Frameworks */,
				884DA86025B8CBF700B760A9 /* Resources */,
			);
			buildRules = (
			);
			dependencies = (
				884DA86425B8CBF700B760A9 /* PBXTargetDependency */,
			);
			name = MediaPlayer_ExperimentUITests;
			productName = MediaPlayer_ExperimentUITests;
			productReference = 884DA86225B8CBF700B760A9 /* MediaPlayer_ExperimentUITests.xctest */;
			productType = "com.apple.product-type.bundle.ui-testing";
		};
/* End PBXNativeTarget section */

/* Begin PBXProject section */
		884DA83925B8CBF600B760A9 /* Project object */ = {
			isa = PBXProject;
			attributes = {
				LastSwiftUpdateCheck = 1220;
				LastUpgradeCheck = 1220;
				TargetAttributes = {
					884DA84025B8CBF600B760A9 = {
						CreatedOnToolsVersion = 12.2;
					};
					884DA85625B8CBF700B760A9 = {
						CreatedOnToolsVersion = 12.2;
						TestTargetID = 884DA84025B8CBF600B760A9;
					};
					884DA86125B8CBF700B760A9 = {
						CreatedOnToolsVersion = 12.2;
						TestTargetID = 884DA84025B8CBF600B760A9;
					};
				};
			};
			buildConfigurationList = 884DA83C25B8CBF600B760A9 /* Build configuration list for PBXProject "MediaPlayer_Experiment" */;
			compatibilityVersion = "Xcode 9.3";
			developmentRegion = en;
			hasScannedForEncodings = 0;
			knownRegions = (
				en,
				Base,
			);
			mainGroup = 884DA83825B8CBF600B760A9;
			productRefGroup = 884DA84225B8CBF600B760A9 /* Products */;
			projectDirPath = "";
			projectRoot = "";
			targets = (
				884DA84025B8CBF600B760A9 /* MediaPlayer_Experiment */,
				884DA85625B8CBF700B760A9 /* MediaPlayer_ExperimentTests */,
				884DA86125B8CBF700B760A9 /* MediaPlayer_ExperimentUITests */,
			);
		};
/* End PBXProject section */

/* Begin PBXResourcesBuildPhase section */
		884DA83F25B8CBF600B760A9 /* Resources */ = {
			isa = PBXResourcesBuildPhase;
			buildActionMask = 2147483647;
			files = (
				888BEA9025B8E8D3000EE8CF /* Beat City_MASTER.mp3 in Resources */,
				884DA85125B8CBF700B760A9 /* LaunchScreen.storyboard in Resources */,
				884DA84E25B8CBF700B760A9 /* Assets.xcassets in Resources */,
				888BEA8C25B8E8D3000EE8CF /* Zero_MASTER.mp3 in Resources */,
				888BEA8925B8E8D3000EE8CF /* Panic_MASTER.mp3 in Resources */,
				888BEA8B25B8E8D3000EE8CF /* So Close to Nothing_MASTER.mp3 in Resources */,
				888BEA9125B8E8D3000EE8CF /* Sleazy_MASTER.mp3 in Resources */,
				888BEA8E25B8E8D3000EE8CF /* The Key_MASTER.mp3 in Resources */,
				888BEA8D25B8E8D3000EE8CF /* Therefore I Am_MASTER.mp3 in Resources */,
				888BEA8725B8E8D3000EE8CF /* Letters From the Past_MASTER.mp3 in Resources */,
				888BEA8825B8E8D3000EE8CF /* Windfall_MASTER.mp3 in Resources */,
				884DA84C25B8CBF600B760A9 /* Main.storyboard in Resources */,
				888BEA8A25B8E8D3000EE8CF /* Burden of the Crown_MASTER.mp3 in Resources */,
				888BEA8625B8E8D3000EE8CF /* What's to Come_MASTER.mp3 in Resources */,
				888BEA8F25B8E8D3000EE8CF /* Settling_MASTER.mp3 in Resources */,
			);
			runOnlyForDeploymentPostprocessing = 0;
		};
		884DA85525B8CBF700B760A9 /* Resources */ = {
			isa = PBXResourcesBuildPhase;
			buildActionMask = 2147483647;
			files = (
			);
			runOnlyForDeploymentPostprocessing = 0;
		};
		884DA86025B8CBF700B760A9 /* Resources */ = {
			isa = PBXResourcesBuildPhase;
			buildActionMask = 2147483647;
			files = (
			);
			runOnlyForDeploymentPostprocessing = 0;
		};
/* End PBXResourcesBuildPhase section */

/* Begin PBXSourcesBuildPhase section */
		884DA83D25B8CBF600B760A9 /* Sources */ = {
			isa = PBXSourcesBuildPhase;
			buildActionMask = 2147483647;
			files = (
				884DA84925B8CBF600B760A9 /* ViewController.swift in Sources */,
				884DA84525B8CBF600B760A9 /* AppDelegate.swift in Sources */,
				884DA87B25B8CF0600B760A9 /* SongModel.swift in Sources */,
				884DA84725B8CBF600B760A9 /* SceneDelegate.swift in Sources */,
			);
			runOnlyForDeploymentPostprocessing = 0;
		};
		884DA85325B8CBF700B760A9 /* Sources */ = {
			isa = PBXSourcesBuildPhase;
			buildActionMask = 2147483647;
			files = (
				884DA85C25B8CBF700B760A9 /* MediaPlayer_ExperimentTests.swift in Sources */,
			);
			runOnlyForDeploymentPostprocessing = 0;
		};
		884DA85E25B8CBF700B760A9 /* Sources */ = {
			isa = PBXSourcesBuildPhase;
			buildActionMask = 2147483647;
			files = (
				884DA86725B8CBF700B760A9 /* MediaPlayer_ExperimentUITests.swift in Sources */,
			);
			runOnlyForDeploymentPostprocessing = 0;
		};
/* End PBXSourcesBuildPhase section */

/* Begin PBXTargetDependency section */
		884DA85925B8CBF700B760A9 /* PBXTargetDependency */ = {
			isa = PBXTargetDependency;
			target = 884DA84025B8CBF600B760A9 /* MediaPlayer_Experiment */;
			targetProxy = 884DA85825B8CBF700B760A9 /* PBXContainerItemProxy */;
		};
		884DA86425B8CBF700B760A9 /* PBXTargetDependency */ = {
			isa = PBXTargetDependency;
			target = 884DA84025B8CBF600B760A9 /* MediaPlayer_Experiment */;
			targetProxy = 884DA86325B8CBF700B760A9 /* PBXContainerItemProxy */;
		};
/* End PBXTargetDependency section */

/* Begin PBXVariantGroup section */
		884DA84A25B8CBF600B760A9 /* Main.storyboard */ = {
			isa = PBXVariantGroup;
			children = (
				884DA84B25B8CBF600B760A9 /* Base */,
			);
			name = Main.storyboard;
			sourceTree = "<group>";
		};
		884DA84F25B8CBF700B760A9 /* LaunchScreen.storyboard */ = {
			isa = PBXVariantGroup;
			children = (
				884DA85025B8CBF700B760A9 /* Base */,
			);
			name = LaunchScreen.storyboard;
			sourceTree = "<group>";
		};
/* End PBXVariantGroup section */

/* Begin XCBuildConfiguration section */
		884DA86925B8CBF700B760A9 /* Debug */ = {
			isa = XCBuildConfiguration;
			buildSettings = {
				ALWAYS_SEARCH_USER_PATHS = NO;
				CLANG_ANALYZER_NONNULL = YES;
				CLANG_ANALYZER_NUMBER_OBJECT_CONVERSION = YES_AGGRESSIVE;
				CLANG_CXX_LANGUAGE_STANDARD = "gnu++14";
				CLANG_CXX_LIBRARY = "libc++";
				CLANG_ENABLE_MODULES = YES;
				CLANG_ENABLE_OBJC_ARC = YES;
				CLANG_ENABLE_OBJC_WEAK = YES;
				CLANG_WARN_BLOCK_CAPTURE_AUTORELEASING = YES;
				CLANG_WARN_BOOL_CONVERSION = YES;
				CLANG_WARN_COMMA = YES;
				CLANG_WARN_CONSTANT_CONVERSION = YES;
				CLANG_WARN_DEPRECATED_OBJC_IMPLEMENTATIONS = YES;
				CLANG_WARN_DIRECT_OBJC_ISA_USAGE = YES_ERROR;
				CLANG_WARN_DOCUMENTATION_COMMENTS = YES;
				CLANG_WARN_EMPTY_BODY = YES;
				CLANG_WARN_ENUM_CONVERSION = YES;
				CLANG_WARN_INFINITE_RECURSION = YES;
				CLANG_WARN_INT_CONVERSION = YES;
				CLANG_WARN_NON_LITERAL_NULL_CONVERSION = YES;
				CLANG_WARN_OBJC_IMPLICIT_RETAIN_SELF = YES;
				CLANG_WARN_OBJC_LITERAL_CONVERSION = YES;
				CLANG_WARN_OBJC_ROOT_CLASS = YES_ERROR;
				CLANG_WARN_QUOTED_INCLUDE_IN_FRAMEWORK_HEADER = YES;
				CLANG_WARN_RANGE_LOOP_ANALYSIS = YES;
				CLANG_WARN_STRICT_PROTOTYPES = YES;
				CLANG_WARN_SUSPICIOUS_MOVE = YES;
				CLANG_WARN_UNGUARDED_AVAILABILITY = YES_AGGRESSIVE;
				CLANG_WARN_UNREACHABLE_CODE = YES;
				CLANG_WARN__DUPLICATE_METHOD_MATCH = YES;
				COPY_PHASE_STRIP = NO;
				DEBUG_INFORMATION_FORMAT = dwarf;
				ENABLE_STRICT_OBJC_MSGSEND = YES;
				ENABLE_TESTABILITY = YES;
				GCC_C_LANGUAGE_STANDARD = gnu11;
				GCC_DYNAMIC_NO_PIC = NO;
				GCC_NO_COMMON_BLOCKS = YES;
				GCC_OPTIMIZATION_LEVEL = 0;
				GCC_PREPROCESSOR_DEFINITIONS = (
					"DEBUG=1",
					"$(inherited)",
				);
				GCC_WARN_64_TO_32_BIT_CONVERSION = YES;
				GCC_WARN_ABOUT_RETURN_TYPE = YES_ERROR;
				GCC_WARN_UNDECLARED_SELECTOR = YES;
				GCC_WARN_UNINITIALIZED_AUTOS = YES_AGGRESSIVE;
				GCC_WARN_UNUSED_FUNCTION = YES;
				GCC_WARN_UNUSED_VARIABLE = YES;
				IPHONEOS_DEPLOYMENT_TARGET = 14.2;
				MTL_ENABLE_DEBUG_INFO = INCLUDE_SOURCE;
				MTL_FAST_MATH = YES;
				ONLY_ACTIVE_ARCH = YES;
				SDKROOT = iphoneos;
				SWIFT_ACTIVE_COMPILATION_CONDITIONS = DEBUG;
				SWIFT_OPTIMIZATION_LEVEL = "-Onone";
			};
			name = Debug;
		};
		884DA86A25B8CBF700B760A9 /* Release */ = {
			isa = XCBuildConfiguration;
			buildSettings = {
				ALWAYS_SEARCH_USER_PATHS = NO;
				CLANG_ANALYZER_NONNULL = YES;
				CLANG_ANALYZER_NUMBER_OBJECT_CONVERSION = YES_AGGRESSIVE;
				CLANG_CXX_LANGUAGE_STANDARD = "gnu++14";
				CLANG_CXX_LIBRARY = "libc++";
				CLANG_ENABLE_MODULES = YES;
				CLANG_ENABLE_OBJC_ARC = YES;
				CLANG_ENABLE_OBJC_WEAK = YES;
				CLANG_WARN_BLOCK_CAPTURE_AUTORELEASING = YES;
				CLANG_WARN_BOOL_CONVERSION = YES;
				CLANG_WARN_COMMA = YES;
				CLANG_WARN_CONSTANT_CONVERSION = YES;
				CLANG_WARN_DEPRECATED_OBJC_IMPLEMENTATIONS = YES;
				CLANG_WARN_DIRECT_OBJC_ISA_USAGE = YES_ERROR;
				CLANG_WARN_DOCUMENTATION_COMMENTS = YES;
				CLANG_WARN_EMPTY_BODY = YES;
				CLANG_WARN_ENUM_CONVERSION = YES;
				CLANG_WARN_INFINITE_RECURSION = YES;
				CLANG_WARN_INT_CONVERSION = YES;
				CLANG_WARN_NON_LITERAL_NULL_CONVERSION = YES;
				CLANG_WARN_OBJC_IMPLICIT_RETAIN_SELF = YES;
				CLANG_WARN_OBJC_LITERAL_CONVERSION = YES;
				CLANG_WARN_OBJC_ROOT_CLASS = YES_ERROR;
				CLANG_WARN_QUOTED_INCLUDE_IN_FRAMEWORK_HEADER = YES;
				CLANG_WARN_RANGE_LOOP_ANALYSIS = YES;
				CLANG_WARN_STRICT_PROTOTYPES = YES;
				CLANG_WARN_SUSPICIOUS_MOVE = YES;
				CLANG_WARN_UNGUARDED_AVAILABILITY = YES_AGGRESSIVE;
				CLANG_WARN_UNREACHABLE_CODE = YES;
				CLANG_WARN__DUPLICATE_METHOD_MATCH = YES;
				COPY_PHASE_STRIP = NO;
				DEBUG_INFORMATION_FORMAT = "dwarf-with-dsym";
				ENABLE_NS_ASSERTIONS = NO;
				ENABLE_STRICT_OBJC_MSGSEND = YES;
				GCC_C_LANGUAGE_STANDARD = gnu11;
				GCC_NO_COMMON_BLOCKS = YES;
				GCC_WARN_64_TO_32_BIT_CONVERSION = YES;
				GCC_WARN_ABOUT_RETURN_TYPE = YES_ERROR;
				GCC_WARN_UNDECLARED_SELECTOR = YES;
				GCC_WARN_UNINITIALIZED_AUTOS = YES_AGGRESSIVE;
				GCC_WARN_UNUSED_FUNCTION = YES;
				GCC_WARN_UNUSED_VARIABLE = YES;
				IPHONEOS_DEPLOYMENT_TARGET = 14.2;
				MTL_ENABLE_DEBUG_INFO = NO;
				MTL_FAST_MATH = YES;
				SDKROOT = iphoneos;
				SWIFT_COMPILATION_MODE = wholemodule;
				SWIFT_OPTIMIZATION_LEVEL = "-O";
				VALIDATE_PRODUCT = YES;
			};
			name = Release;
		};
		884DA86C25B8CBF700B760A9 /* Debug */ = {
			isa = XCBuildConfiguration;
			buildSettings = {
				ASSETCATALOG_COMPILER_APPICON_NAME = AppIcon;
				ASSETCATALOG_COMPILER_GLOBAL_ACCENT_COLOR_NAME = AccentColor;
				CODE_SIGN_STYLE = Automatic;
				DEVELOPMENT_TEAM = G4KQ459XHC;
				INFOPLIST_FILE = MediaPlayer_Experiment/Info.plist;
				LD_RUNPATH_SEARCH_PATHS = (
					"$(inherited)",
					"@executable_path/Frameworks",
				);
				PRODUCT_BUNDLE_IDENTIFIER = "com.KeeleyGreg.MediaPlayer-Experiment";
				PRODUCT_NAME = "$(TARGET_NAME)";
				SWIFT_VERSION = 5.0;
				TARGETED_DEVICE_FAMILY = "1,2";
			};
			name = Debug;
		};
		884DA86D25B8CBF700B760A9 /* Release */ = {
			isa = XCBuildConfiguration;
			buildSettings = {
				ASSETCATALOG_COMPILER_APPICON_NAME = AppIcon;
				ASSETCATALOG_COMPILER_GLOBAL_ACCENT_COLOR_NAME = AccentColor;
				CODE_SIGN_STYLE = Automatic;
				DEVELOPMENT_TEAM = G4KQ459XHC;
				INFOPLIST_FILE = MediaPlayer_Experiment/Info.plist;
				LD_RUNPATH_SEARCH_PATHS = (
					"$(inherited)",
					"@executable_path/Frameworks",
				);
				PRODUCT_BUNDLE_IDENTIFIER = "com.KeeleyGreg.MediaPlayer-Experiment";
				PRODUCT_NAME = "$(TARGET_NAME)";
				SWIFT_VERSION = 5.0;
				TARGETED_DEVICE_FAMILY = "1,2";
			};
			name = Release;
		};
		884DA86F25B8CBF700B760A9 /* Debug */ = {
			isa = XCBuildConfiguration;
			buildSettings = {
				ALWAYS_EMBED_SWIFT_STANDARD_LIBRARIES = YES;
				BUNDLE_LOADER = "$(TEST_HOST)";
				CODE_SIGN_STYLE = Automatic;
				DEVELOPMENT_TEAM = G4KQ459XHC;
				INFOPLIST_FILE = MediaPlayer_ExperimentTests/Info.plist;
				IPHONEOS_DEPLOYMENT_TARGET = 14.2;
				LD_RUNPATH_SEARCH_PATHS = (
					"$(inherited)",
					"@executable_path/Frameworks",
					"@loader_path/Frameworks",
				);
				PRODUCT_BUNDLE_IDENTIFIER = "com.KeeleyGreg.MediaPlayer-ExperimentTests";
				PRODUCT_NAME = "$(TARGET_NAME)";
				SWIFT_VERSION = 5.0;
				TARGETED_DEVICE_FAMILY = "1,2";
				TEST_HOST = "$(BUILT_PRODUCTS_DIR)/MediaPlayer_Experiment.app/MediaPlayer_Experiment";
			};
			name = Debug;
		};
		884DA87025B8CBF700B760A9 /* Release */ = {
			isa = XCBuildConfiguration;
			buildSettings = {
				ALWAYS_EMBED_SWIFT_STANDARD_LIBRARIES = YES;
				BUNDLE_LOADER = "$(TEST_HOST)";
				CODE_SIGN_STYLE = Automatic;
				DEVELOPMENT_TEAM = G4KQ459XHC;
				INFOPLIST_FILE = MediaPlayer_ExperimentTests/Info.plist;
				IPHONEOS_DEPLOYMENT_TARGET = 14.2;
				LD_RUNPATH_SEARCH_PATHS = (
					"$(inherited)",
					"@executable_path/Frameworks",
					"@loader_path/Frameworks",
				);
				PRODUCT_BUNDLE_IDENTIFIER = "com.KeeleyGreg.MediaPlayer-ExperimentTests";
				PRODUCT_NAME = "$(TARGET_NAME)";
				SWIFT_VERSION = 5.0;
				TARGETED_DEVICE_FAMILY = "1,2";
				TEST_HOST = "$(BUILT_PRODUCTS_DIR)/MediaPlayer_Experiment.app/MediaPlayer_Experiment";
			};
			name = Release;
		};
		884DA87225B8CBF700B760A9 /* Debug */ = {
			isa = XCBuildConfiguration;
			buildSettings = {
				ALWAYS_EMBED_SWIFT_STANDARD_LIBRARIES = YES;
				CODE_SIGN_STYLE = Automatic;
				DEVELOPMENT_TEAM = G4KQ459XHC;
				INFOPLIST_FILE = MediaPlayer_ExperimentUITests/Info.plist;
				LD_RUNPATH_SEARCH_PATHS = (
					"$(inherited)",
					"@executable_path/Frameworks",
					"@loader_path/Frameworks",
				);
				PRODUCT_BUNDLE_IDENTIFIER = "com.KeeleyGreg.MediaPlayer-ExperimentUITests";
				PRODUCT_NAME = "$(TARGET_NAME)";
				SWIFT_VERSION = 5.0;
				TARGETED_DEVICE_FAMILY = "1,2";
				TEST_TARGET_NAME = MediaPlayer_Experiment;
			};
			name = Debug;
		};
		884DA87325B8CBF700B760A9 /* Release */ = {
			isa = XCBuildConfiguration;
			buildSettings = {
				ALWAYS_EMBED_SWIFT_STANDARD_LIBRARIES = YES;
				CODE_SIGN_STYLE = Automatic;
				DEVELOPMENT_TEAM = G4KQ459XHC;
				INFOPLIST_FILE = MediaPlayer_ExperimentUITests/Info.plist;
				LD_RUNPATH_SEARCH_PATHS = (
					"$(inherited)",
					"@executable_path/Frameworks",
					"@loader_path/Frameworks",
				);
				PRODUCT_BUNDLE_IDENTIFIER = "com.KeeleyGreg.MediaPlayer-ExperimentUITests";
				PRODUCT_NAME = "$(TARGET_NAME)";
				SWIFT_VERSION = 5.0;
				TARGETED_DEVICE_FAMILY = "1,2";
				TEST_TARGET_NAME = MediaPlayer_Experiment;
			};
			name = Release;
		};
/* End XCBuildConfiguration section */

/* Begin XCConfigurationList section */
		884DA83C25B8CBF600B760A9 /* Build configuration list for PBXProject "MediaPlayer_Experiment" */ = {
			isa = XCConfigurationList;
			buildConfigurations = (
				884DA86925B8CBF700B760A9 /* Debug */,
				884DA86A25B8CBF700B760A9 /* Release */,
			);
			defaultConfigurationIsVisible = 0;
			defaultConfigurationName = Release;
		};
		884DA86B25B8CBF700B760A9 /* Build configuration list for PBXNativeTarget "MediaPlayer_Experiment" */ = {
			isa = XCConfigurationList;
			buildConfigurations = (
				884DA86C25B8CBF700B760A9 /* Debug */,
				884DA86D25B8CBF700B760A9 /* Release */,
			);
			defaultConfigurationIsVisible = 0;
			defaultConfigurationName = Release;
		};
		884DA86E25B8CBF700B760A9 /* Build configuration list for PBXNativeTarget "MediaPlayer_ExperimentTests" */ = {
			isa = XCConfigurationList;
			buildConfigurations = (
				884DA86F25B8CBF700B760A9 /* Debug */,
				884DA87025B8CBF700B760A9 /* Release */,
			);
			defaultConfigurationIsVisible = 0;
			defaultConfigurationName = Release;
		};
		884DA87125B8CBF700B760A9 /* Build configuration list for PBXNativeTarget "MediaPlayer_ExperimentUITests" */ = {
			isa = XCConfigurationList;
			buildConfigurations = (
				884DA87225B8CBF700B760A9 /* Debug */,
				884DA87325B8CBF700B760A9 /* Release */,
			);
			defaultConfigurationIsVisible = 0;
			defaultConfigurationName = Release;
		};
/* End XCConfigurationList section */
	};
	rootObject = 884DA83925B8CBF600B760A9 /* Project object */;
}
